// !$*UTF8*$!
{
	archiveVersion = 1;
	classes = {
	};
	objectVersion = 46;
	objects = {

/* Begin PBXBuildFile section */
		668BE6771D8DDDAC00D4F262 /* AppDelegate.swift in Sources */ = {isa = PBXBuildFile; fileRef = 668BE6761D8DDDAC00D4F262 /* AppDelegate.swift */; };
		668BE6791D8DDDAC00D4F262 /* FirstViewController.swift in Sources */ = {isa = PBXBuildFile; fileRef = 668BE6781D8DDDAC00D4F262 /* FirstViewController.swift */; };
		668BE67B1D8DDDAC00D4F262 /* SecondViewController.swift in Sources */ = {isa = PBXBuildFile; fileRef = 668BE67A1D8DDDAC00D4F262 /* SecondViewController.swift */; };
		668BE67E1D8DDDAC00D4F262 /* Main.storyboard in Resources */ = {isa = PBXBuildFile; fileRef = 668BE67C1D8DDDAC00D4F262 /* Main.storyboard */; };
		668BE6801D8DDDAC00D4F262 /* Assets.xcassets in Resources */ = {isa = PBXBuildFile; fileRef = 668BE67F1D8DDDAC00D4F262 /* Assets.xcassets */; };
		668BE6831D8DDDAC00D4F262 /* LaunchScreen.storyboard in Resources */ = {isa = PBXBuildFile; fileRef = 668BE6811D8DDDAC00D4F262 /* LaunchScreen.storyboard */; };
/* End PBXBuildFile section */

/* Begin PBXFileReference section */
		668BE6731D8DDDAC00D4F262 /* CanIEatThisApp.app */ = {isa = PBXFileReference; explicitFileType = wrapper.application; includeInIndex = 0; path = CanIEatThisApp.app; sourceTree = BUILT_PRODUCTS_DIR; };
		668BE6761D8DDDAC00D4F262 /* AppDelegate.swift */ = {isa = PBXFileReference; lastKnownFileType = sourcecode.swift; path = AppDelegate.swift; sourceTree = "<group>"; };
		668BE6781D8DDDAC00D4F262 /* FirstViewController.swift */ = {isa = PBXFileReference; lastKnownFileType = sourcecode.swift; path = FirstViewController.swift; sourceTree = "<group>"; };
		668BE67A1D8DDDAC00D4F262 /* SecondViewController.swift */ = {isa = PBXFileReference; lastKnownFileType = sourcecode.swift; path = SecondViewController.swift; sourceTree = "<group>"; };
		668BE67D1D8DDDAC00D4F262 /* Base */ = {isa = PBXFileReference; lastKnownFileType = file.storyboard; name = Base; path = Base.lproj/Main.storyboard; sourceTree = "<group>"; };
		668BE67F1D8DDDAC00D4F262 /* Assets.xcassets */ = {isa = PBXFileReference; lastKnownFileType = folder.assetcatalog; path = Assets.xcassets; sourceTree = "<group>"; };
		668BE6821D8DDDAC00D4F262 /* Base */ = {isa = PBXFileReference; lastKnownFileType = file.storyboard; name = Base; path = Base.lproj/LaunchScreen.storyboard; sourceTree = "<group>"; };
		668BE6841D8DDDAC00D4F262 /* Info.plist */ = {isa = PBXFileReference; lastKnownFileType = text.plist.xml; path = Info.plist; sourceTree = "<group>"; };
/* End PBXFileReference section */

/* Begin PBXFrameworksBuildPhase section */
		668BE6701D8DDDAC00D4F262 /* Frameworks */ = {
			isa = PBXFrameworksBuildPhase;
			buildActionMask = 2147483647;
			files = (
			);
			runOnlyForDeploymentPostprocessing = 0;
		};
/* End PBXFrameworksBuildPhase section */

/* Begin PBXGroup section */
		668BE66A1D8DDDAC00D4F262 = {
			isa = PBXGroup;
			children = (
				668BE6751D8DDDAC00D4F262 /* CanIEatThisApp */,
				668BE6741D8DDDAC00D4F262 /* Products */,
			);
			sourceTree = "<group>";
		};
		668BE6741D8DDDAC00D4F262 /* Products */ = {
			isa = PBXGroup;
			children = (
				668BE6731D8DDDAC00D4F262 /* CanIEatThisApp.app */,
			);
			name = Products;
			sourceTree = "<group>";
		};
		668BE6751D8DDDAC00D4F262 /* CanIEatThisApp */ = {
			isa = PBXGroup;
			children = (
				668BE6761D8DDDAC00D4F262 /* AppDelegate.swift */,
				668BE6781D8DDDAC00D4F262 /* FirstViewController.swift */,
				668BE67A1D8DDDAC00D4F262 /* SecondViewController.swift */,
				668BE67C1D8DDDAC00D4F262 /* Main.storyboard */,
				668BE67F1D8DDDAC00D4F262 /* Assets.xcassets */,
				668BE6811D8DDDAC00D4F262 /* LaunchScreen.storyboard */,
				668BE6841D8DDDAC00D4F262 /* Info.plist */,
			);
			path = CanIEatThisApp;
			sourceTree = "<group>";
		};
/* End PBXGroup section */

/* Begin PBXNativeTarget section */
		668BE6721D8DDDAC00D4F262 /* CanIEatThisApp */ = {
			isa = PBXNativeTarget;
			buildConfigurationList = 668BE6871D8DDDAC00D4F262 /* Build configuration list for PBXNativeTarget "CanIEatThisApp" */;
			buildPhases = (
				668BE66F1D8DDDAC00D4F262 /* Sources */,
				668BE6701D8DDDAC00D4F262 /* Frameworks */,
				668BE6711D8DDDAC00D4F262 /* Resources */,
			);
			buildRules = (
			);
			dependencies = (
			);
			name = CanIEatThisApp;
			productName = CanIEatThisApp;
			productReference = 668BE6731D8DDDAC00D4F262 /* CanIEatThisApp.app */;
			productType = "com.apple.product-type.application";
		};
/* End PBXNativeTarget section */

/* Begin PBXProject section */
		668BE66B1D8DDDAC00D4F262 /* Project object */ = {
			isa = PBXProject;
			attributes = {
				LastSwiftUpdateCheck = 0800;
				LastUpgradeCheck = 0800;
				ORGANIZATIONNAME = "Adam Short";
				TargetAttributes = {
					668BE6721D8DDDAC00D4F262 = {
						CreatedOnToolsVersion = 8.0;
						ProvisioningStyle = Automatic;
					};
				};
			};
			buildConfigurationList = 668BE66E1D8DDDAC00D4F262 /* Build configuration list for PBXProject "CanIEatThisApp" */;
			compatibilityVersion = "Xcode 3.2";
			developmentRegion = English;
			hasScannedForEncodings = 0;
			knownRegions = (
				en,
				Base,
			);
			mainGroup = 668BE66A1D8DDDAC00D4F262;
			productRefGroup = 668BE6741D8DDDAC00D4F262 /* Products */;
			projectDirPath = "";
			projectRoot = "";
			targets = (
				668BE6721D8DDDAC00D4F262 /* CanIEatThisApp */,
			);
		};
/* End PBXProject section */

/* Begin PBXResourcesBuildPhase section */
		668BE6711D8DDDAC00D4F262 /* Resources */ = {
			isa = PBXResourcesBuildPhase;
			buildActionMask = 2147483647;
			files = (
				668BE6831D8DDDAC00D4F262 /* LaunchScreen.storyboard in Resources */,
				668BE6801D8DDDAC00D4F262 /* Assets.xcassets in Resources */,
				668BE67E1D8DDDAC00D4F262 /* Main.storyboard in Resources */,
			);
			runOnlyForDeploymentPostprocessing = 0;
		};
/* End PBXResourcesBuildPhase section */

/* Begin PBXSourcesBuildPhase section */
		668BE66F1D8DDDAC00D4F262 /* Sources */ = {
			isa = PBXSourcesBuildPhase;
			buildActionMask = 2147483647;
			files = (
				668BE67B1D8DDDAC00D4F262 /* SecondViewController.swift in Sources */,
				668BE6771D8DDDAC00D4F262 /* AppDelegate.swift in Sources */,
				668BE6791D8DDDAC00D4F262 /* FirstViewController.swift in Sources */,
			);
			runOnlyForDeploymentPostprocessing = 0;
		};
/* End PBXSourcesBuildPhase section */

/* Begin PBXVariantGroup section */
		668BE67C1D8DDDAC00D4F262 /* Main.storyboard */ = {
			isa = PBXVariantGroup;
			children = (
				668BE67D1D8DDDAC00D4F262 /* Base */,
			);
			name = Main.storyboard;
			sourceTree = "<group>";
		};
		668BE6811D8DDDAC00D4F262 /* LaunchScreen.storyboard */ = {
			isa = PBXVariantGroup;
			children = (
				668BE6821D8DDDAC00D4F262 /* Base */,
			);
			name = LaunchScreen.storyboard;
			sourceTree = "<group>";
		};
/* End PBXVariantGroup section */

/* Begin XCBuildConfiguration section */
		668BE6851D8DDDAC00D4F262 /* Debug */ = {
			isa = XCBuildConfiguration;
			buildSettings = {
				ALWAYS_SEARCH_USER_PATHS = NO;
				CLANG_ANALYZER_NONNULL = YES;
				CLANG_CXX_LANGUAGE_STANDARD = "gnu++0x";
				CLANG_CXX_LIBRARY = "libc++";
				CLANG_ENABLE_MODULES = YES;
				CLANG_ENABLE_OBJC_ARC = YES;
				CLANG_WARN_BOOL_CONVERSION = YES;
				CLANG_WARN_CONSTANT_CONVERSION = YES;
				CLANG_WARN_DIRECT_OBJC_ISA_USAGE = YES_ERROR;
				CLANG_WARN_DOCUMENTATION_COMMENTS = YES;
				CLANG_WARN_EMPTY_BODY = YES;
				CLANG_WARN_ENUM_CONVERSION = YES;
				CLANG_WARN_INFINITE_RECURSION = YES;
				CLANG_WARN_INT_CONVERSION = YES;
				CLANG_WARN_OBJC_ROOT_CLASS = YES_ERROR;
				CLANG_WARN_SUSPICIOUS_MOVES = YES;
				CLANG_WARN_UNREACHABLE_CODE = YES;
				CLANG_WARN__DUPLICATE_METHOD_MATCH = YES;
				"CODE_SIGN_IDENTITY[sdk=iphoneos*]" = "iPhone Developer";
				COPY_PHASE_STRIP = NO;
				DEBUG_INFORMATION_FORMAT = dwarf;
				ENABLE_STRICT_OBJC_MSGSEND = YES;
				ENABLE_TESTABILITY = YES;
				GCC_C_LANGUAGE_STANDARD = gnu99;
				GCC_DYNAMIC_NO_PIC = NO;
				GCC_NO_COMMON_BLOCKS = YES;
				GCC_OPTIMIZATION_LEVEL = 0;
				GCC_PREPROCESSOR_DEFINITIONS = (
					"DEBUG=1",
					"$(inherited)",
				);
				GCC_WARN_64_TO_32_BIT_CONVERSION = YES;
				GCC_WARN_ABOUT_RETURN_TYPE = YES_ERROR;
				GCC_WARN_UNDECLARED_SELECTOR = YES;
				GCC_WARN_UNINITIALIZED_AUTOS = YES_AGGRESSIVE;
				GCC_WARN_UNUSED_FUNCTION = YES;
				GCC_WARN_UNUSED_VARIABLE = YES;
				IPHONEOS_DEPLOYMENT_TARGET = 10.0;
				MTL_ENABLE_DEBUG_INFO = YES;
				ONLY_ACTIVE_ARCH = YES;
				SDKROOT = iphoneos;
				SWIFT_ACTIVE_COMPILATION_CONDITIONS = DEBUG;
				SWIFT_OPTIMIZATION_LEVEL = "-Onone";
				TARGETED_DEVICE_FAMILY = "1,2";
			};
			name = Debug;
		};
		668BE6861D8DDDAC00D4F262 /* Release */ = {
			isa = XCBuildConfiguration;
			buildSettings = {
				ALWAYS_SEARCH_USER_PATHS = NO;
				CLANG_ANALYZER_NONNULL = YES;
				CLANG_CXX_LANGUAGE_STANDARD = "gnu++0x";
				CLANG_CXX_LIBRARY = "libc++";
				CLANG_ENABLE_MODULES = YES;
				CLANG_ENABLE_OBJC_ARC = YES;
				CLANG_WARN_BOOL_CONVERSION = YES;
				CLANG_WARN_CONSTANT_CONVERSION = YES;
				CLANG_WARN_DIRECT_OBJC_ISA_USAGE = YES_ERROR;
				CLANG_WARN_DOCUMENTATION_COMMENTS = YES;
				CLANG_WARN_EMPTY_BODY = YES;
				CLANG_WARN_ENUM_CONVERSION = YES;
				CLANG_WARN_INFINITE_RECURSION = YES;
				CLANG_WARN_INT_CONVERSION = YES;
				CLANG_WARN_OBJC_ROOT_CLASS = YES_ERROR;
				CLANG_WARN_SUSPICIOUS_MOVES = YES;
				CLANG_WARN_UNREACHABLE_CODE = YES;
				CLANG_WARN__DUPLICATE_METHOD_MATCH = YES;
				"CODE_SIGN_IDENTITY[sdk=iphoneos*]" = "iPhone Developer";
				COPY_PHASE_STRIP = NO;
				DEBUG_INFORMATION_FORMAT = "dwarf-with-dsym";
				ENABLE_NS_ASSERTIONS = NO;
				ENABLE_STRICT_OBJC_MSGSEND = YES;
				GCC_C_LANGUAGE_STANDARD = gnu99;
				GCC_NO_COMMON_BLOCKS = YES;
				GCC_WARN_64_TO_32_BIT_CONVERSION = YES;
				GCC_WARN_ABOUT_RETURN_TYPE = YES_ERROR;
				GCC_WARN_UNDECLARED_SELECTOR = YES;
				GCC_WARN_UNINITIALIZED_AUTOS = YES_AGGRESSIVE;
				GCC_WARN_UNUSED_FUNCTION = YES;
				GCC_WARN_UNUSED_VARIABLE = YES;
				IPHONEOS_DEPLOYMENT_TARGET = 10.0;
				MTL_ENABLE_DEBUG_INFO = NO;
				SDKROOT = iphoneos;
				SWIFT_OPTIMIZATION_LEVEL = "-Owholemodule";
				TARGETED_DEVICE_FAMILY = "1,2";
				VALIDATE_PRODUCT = YES;
			};
			name = Release;
		};
		668BE6881D8DDDAC00D4F262 /* Debug */ = {
			isa = XCBuildConfiguration;
			buildSettings = {
				ASSETCATALOG_COMPILER_APPICON_NAME = AppIcon;
				INFOPLIST_FILE = CanIEatThisApp/Info.plist;
				LD_RUNPATH_SEARCH_PATHS = "$(inherited) @executable_path/Frameworks";
				PRODUCT_BUNDLE_IDENTIFIER = adamshort.CanIEatThisApp;
				PRODUCT_NAME = "$(TARGET_NAME)";
				SWIFT_VERSION = 3.0;
			};
			name = Debug;
		};
		668BE6891D8DDDAC00D4F262 /* Release */ = {
			isa = XCBuildConfiguration;
			buildSettings = {
				ASSETCATALOG_COMPILER_APPICON_NAME = AppIcon;
				INFOPLIST_FILE = CanIEatThisApp/Info.plist;
				LD_RUNPATH_SEARCH_PATHS = "$(inherited) @executable_path/Frameworks";
				PRODUCT_BUNDLE_IDENTIFIER = adamshort.CanIEatThisApp;
				PRODUCT_NAME = "$(TARGET_NAME)";
				SWIFT_VERSION = 3.0;
			};
			name = Release;
		};
/* End XCBuildConfiguration section */

/* Begin XCConfigurationList section */
		668BE66E1D8DDDAC00D4F262 /* Build configuration list for PBXProject "CanIEatThisApp" */ = {
			isa = XCConfigurationList;
			buildConfigurations = (
				668BE6851D8DDDAC00D4F262 /* Debug */,
				668BE6861D8DDDAC00D4F262 /* Release */,
			);
			defaultConfigurationIsVisible = 0;
			defaultConfigurationName = Release;
		};
		668BE6871D8DDDAC00D4F262 /* Build configuration list for PBXNativeTarget "CanIEatThisApp" */ = {
			isa = XCConfigurationList;
			buildConfigurations = (
				668BE6881D8DDDAC00D4F262 /* Debug */,
				668BE6891D8DDDAC00D4F262 /* Release */,
			);
			defaultConfigurationIsVisible = 0;
		};
/* End XCConfigurationList section */
	};
	rootObject = 668BE66B1D8DDDAC00D4F262 /* Project object */;
}
